Microsoft Visual Studio Solution File, Format Version 11.00
# Visual Studio 2008

Project("{7795151C-876B-7975-6F4C-A0ECF34C259D}") = "Tanks_v1.0", "Assembly-CSharp-firstpass.csproj", "{CCDB33A2-D386-ADF1-6DFB-B26E559A587D}"
EndProject
Project("{7795151C-876B-7975-6F4C-A0ECF34C259D}") = "Tanks_v1.0", "Assembly-CSharp.csproj", "{F186DDED-0F77-F786-B199-B0DAF226D475}"
EndProject
Project("{7795151C-876B-7975-6F4C-A0ECF34C259D}") = "Tanks_v1.0", "Assembly-CSharp-Editor.csproj", "{BDE94DD9-C15D-BBEC-AA59-E312E96602D7}"
EndProject
Global
	GlobalSection(SolutionConfigurationPlatforms) = preSolution
		Debug|Any CPU = Debug|Any CPU
		Release|Any CPU = Release|Any CPU
	EndGlobalSection
	GlobalSection(ProjectConfigurationPlatforms) = postSolution
		{CCDB33A2-D386-ADF1-6DFB-B26E559A587D}.Debug|Any CPU.ActiveCfg = Debug|Any CPU
		{CCDB33A2-D386-ADF1-6DFB-B26E559A587D}.Debug|Any CPU.Build.0 = Debug|Any CPU
		{CCDB33A2-D386-ADF1-6DFB-B26E559A587D}.Release|Any CPU.ActiveCfg = Release|Any CPU
		{CCDB33A2-D386-ADF1-6DFB-B26E559A587D}.Release|Any CPU.Build.0 = Release|Any CPU
		{F186DDED-0F77-F786-B199-B0DAF226D475}.Debug|Any CPU.ActiveCfg = Debug|Any CPU
		{F186DDED-0F77-F786-B199-B0DAF226D475}.Debug|Any CPU.Build.0 = Debug|Any CPU
		{F186DDED-0F77-F786-B199-B0DAF226D475}.Release|Any CPU.ActiveCfg = Release|Any CPU
		{F186DDED-0F77-F786-B199-B0DAF226D475}.Release|Any CPU.Build.0 = Release|Any CPU
		{BDE94DD9-C15D-BBEC-AA59-E312E96602D7}.Debug|Any CPU.ActiveCfg = Debug|Any CPU
		{BDE94DD9-C15D-BBEC-AA59-E312E96602D7}.Debug|Any CPU.Build.0 = Debug|Any CPU
		{BDE94DD9-C15D-BBEC-AA59-E312E96602D7}.Release|Any CPU.ActiveCfg = Release|Any CPU
		{BDE94DD9-C15D-BBEC-AA59-E312E96602D7}.Release|Any CPU.Build.0 = Release|Any CPU
	EndGlobalSection
	GlobalSection(SolutionProperties) = preSolution
		HideSolutionNode = FALSE
	EndGlobalSection
	GlobalSection(MonoDevelopProperties) = preSolution
		StartupItem = Assembly-CSharp.csproj
	EndGlobalSection
EndGlobal
